
Microsoft Visual Studio Solution File, Format Version 12.00
# Visual Studio 2013
VisualStudioVersion = 12.0.21005.1
MinimumVisualStudioVersion = 10.0.40219.1
Project("{FAE04EC0-301F-11D3-BF4B-00C04F79EFBC}") = "PurchaseTicketApp", "PurchaseTicketApp\PurchaseTicketApp.csproj", "{A70A6B9C-FF81-4400-B1B9-3DDF7DA5AC2B}"
EndProject
Global
	GlobalSection(SolutionConfigurationPlatforms) = preSolution
		Debug|Any CPU = Debug|Any CPU
		Release|Any CPU = Release|Any CPU
	EndGlobalSection
	GlobalSection(ProjectConfigurationPlatforms) = postSolution
		{A70A6B9C-FF81-4400-B1B9-3DDF7DA5AC2B}.Debug|Any CPU.ActiveCfg = Debug|Any CPU
		{A70A6B9C-FF81-4400-B1B9-3DDF7DA5AC2B}.Debug|Any CPU.Build.0 = Debug|Any CPU
		{A70A6B9C-FF81-4400-B1B9-3DDF7DA5AC2B}.Release|Any CPU.ActiveCfg = Release|Any CPU
		{A70A6B9C-FF81-4400-B1B9-3DDF7DA5AC2B}.Release|Any CPU.Build.0 = Release|Any CPU
	EndGlobalSection
	GlobalSection(SolutionProperties) = preSolution
		HideSolutionNode = FALSE
	EndGlobalSection
EndGlobal
